
Microsoft Visual Studio Solution File, Format Version 12.00
# Visual Studio 15
VisualStudioVersion = 15.0.28010.2050
MinimumVisualStudioVersion = 10.0.40219.1
Project("{FAE04EC0-301F-11D3-BF4B-00C04F79EFBC}") = "GPACalculator", "GPACalculator\GPACalculator.csproj", "{D5774F1A-CB55-466A-AD4A-7F5DBDADD572}"
EndProject
Global
	GlobalSection(SolutionConfigurationPlatforms) = preSolution
		Debug|Any CPU = Debug|Any CPU
		Release|Any CPU = Release|Any CPU
	EndGlobalSection
	GlobalSection(ProjectConfigurationPlatforms) = postSolution
		{D5774F1A-CB55-466A-AD4A-7F5DBDADD572}.Debug|Any CPU.ActiveCfg = Debug|Any CPU
		{D5774F1A-CB55-466A-AD4A-7F5DBDADD572}.Debug|Any CPU.Build.0 = Debug|Any CPU
		{D5774F1A-CB55-466A-AD4A-7F5DBDADD572}.Release|Any CPU.ActiveCfg = Release|Any CPU
		{D5774F1A-CB55-466A-AD4A-7F5DBDADD572}.Release|Any CPU.Build.0 = Release|Any CPU
	EndGlobalSection
	GlobalSection(SolutionProperties) = preSolution
		HideSolutionNode = FALSE
	EndGlobalSection
	GlobalSection(ExtensibilityGlobals) = postSolution
		SolutionGuid = {69336E90-3CEC-48C0-AED7-6F2CCB3016CC}
	EndGlobalSection
EndGlobal
